// !$*UTF8*$!
{
	archiveVersion = 1;
	classes = {
	};
	objectVersion = 46;
	objects = {

/* Begin PBXBuildFile section */
		0423298117DF230B005B47F9 /* User.m in Sources */ = {isa = PBXBuildFile; fileRef = 0423298017DF230B005B47F9 /* User.m */; };
		0423298717DF25A0005B47F9 /* EventWrapper.m in Sources */ = {isa = PBXBuildFile; fileRef = 0423298617DF25A0005B47F9 /* EventWrapper.m */; };
		0423298A17DF2ABA005B47F9 /* Event.m in Sources */ = {isa = PBXBuildFile; fileRef = 0423298917DF2ABA005B47F9 /* Event.m */; };
		0423298D17DF2B7B005B47F9 /* Message.m in Sources */ = {isa = PBXBuildFile; fileRef = 0423298C17DF2B7B005B47F9 /* Message.m */; };
		0423299C17DF351D005B47F9 /* RoleType in Resources */ = {isa = PBXBuildFile; fileRef = 0423299B17DF351D005B47F9 /* RoleType */; };
		0493B52A17DDF80C003B3D23 /* Foundation.framework in Frameworks */ = {isa = PBXBuildFile; fileRef = 0493B52917DDF80C003B3D23 /* Foundation.framework */; };
		0493B52C17DDF80C003B3D23 /* CoreGraphics.framework in Frameworks */ = {isa = PBXBuildFile; fileRef = 0493B52B17DDF80C003B3D23 /* CoreGraphics.framework */; };
		0493B52E17DDF80C003B3D23 /* UIKit.framework in Frameworks */ = {isa = PBXBuildFile; fileRef = 0493B52D17DDF80C003B3D23 /* UIKit.framework */; };
		0493B53417DDF80C003B3D23 /* InfoPlist.strings in Resources */ = {isa = PBXBuildFile; fileRef = 0493B53217DDF80C003B3D23 /* InfoPlist.strings */; };
		0493B53617DDF80C003B3D23 /* main.m in Sources */ = {isa = PBXBuildFile; fileRef = 0493B53517DDF80C003B3D23 /* main.m */; };
		0493B53A17DDF80C003B3D23 /* AppDelegate.m in Sources */ = {isa = PBXBuildFile; fileRef = 0493B53917DDF80C003B3D23 /* AppDelegate.m */; };
		0493B53C17DDF80C003B3D23 /* Images.xcassets in Resources */ = {isa = PBXBuildFile; fileRef = 0493B53B17DDF80C003B3D23 /* Images.xcassets */; };
		0493B54317DDF80C003B3D23 /* XCTest.framework in Frameworks */ = {isa = PBXBuildFile; fileRef = 0493B54217DDF80C003B3D23 /* XCTest.framework */; };
		0493B54417DDF80C003B3D23 /* Foundation.framework in Frameworks */ = {isa = PBXBuildFile; fileRef = 0493B52917DDF80C003B3D23 /* Foundation.framework */; };
		0493B54517DDF80C003B3D23 /* UIKit.framework in Frameworks */ = {isa = PBXBuildFile; fileRef = 0493B52D17DDF80C003B3D23 /* UIKit.framework */; };
		0493B54D17DDF80C003B3D23 /* InfoPlist.strings in Resources */ = {isa = PBXBuildFile; fileRef = 0493B54B17DDF80C003B3D23 /* InfoPlist.strings */; };
		0493B54F17DDF80C003B3D23 /* SchemeAppTests.m in Sources */ = {isa = PBXBuildFile; fileRef = 0493B54E17DDF80C003B3D23 /* SchemeAppTests.m */; };
		2748CDC917DF360F00A06467 /* Helpers.m in Sources */ = {isa = PBXBuildFile; fileRef = 2748CDC817DF360F00A06467 /* Helpers.m */; };
/* End PBXBuildFile section */

/* Begin PBXContainerItemProxy section */
		0493B54617DDF80C003B3D23 /* PBXContainerItemProxy */ = {
			isa = PBXContainerItemProxy;
			containerPortal = 0493B51E17DDF80C003B3D23 /* Project object */;
			proxyType = 1;
			remoteGlobalIDString = 0493B52517DDF80C003B3D23;
			remoteInfo = SchemeApp;
		};
/* End PBXContainerItemProxy section */

/* Begin PBXFileReference section */
		0423297F17DF230B005B47F9 /* User.h */ = {isa = PBXFileReference; fileEncoding = 4; lastKnownFileType = sourcecode.c.h; path = User.h; sourceTree = "<group>"; };
		0423298017DF230B005B47F9 /* User.m */ = {isa = PBXFileReference; fileEncoding = 4; lastKnownFileType = sourcecode.c.objc; path = User.m; sourceTree = "<group>"; };
		0423298517DF25A0005B47F9 /* EventWrapper.h */ = {isa = PBXFileReference; fileEncoding = 4; lastKnownFileType = sourcecode.c.h; name = EventWrapper.h; path = ../EventWrapper.h; sourceTree = "<group>"; };
		0423298617DF25A0005B47F9 /* EventWrapper.m */ = {isa = PBXFileReference; fileEncoding = 4; lastKnownFileType = sourcecode.c.objc; name = EventWrapper.m; path = ../EventWrapper.m; sourceTree = "<group>"; };
		0423298817DF2ABA005B47F9 /* Event.h */ = {isa = PBXFileReference; fileEncoding = 4; lastKnownFileType = sourcecode.c.h; name = Event.h; path = ../Event.h; sourceTree = "<group>"; };
		0423298917DF2ABA005B47F9 /* Event.m */ = {isa = PBXFileReference; fileEncoding = 4; lastKnownFileType = sourcecode.c.objc; name = Event.m; path = ../Event.m; sourceTree = "<group>"; };
		0423298B17DF2B7B005B47F9 /* Message.h */ = {isa = PBXFileReference; fileEncoding = 4; lastKnownFileType = sourcecode.c.h; name = Message.h; path = ../Message.h; sourceTree = "<group>"; };
		0423298C17DF2B7B005B47F9 /* Message.m */ = {isa = PBXFileReference; fileEncoding = 4; lastKnownFileType = sourcecode.c.objc; name = Message.m; path = ../Message.m; sourceTree = "<group>"; };
		0423299B17DF351D005B47F9 /* RoleType */ = {isa = PBXFileReference; fileEncoding = 4; lastKnownFileType = text; path = RoleType; sourceTree = "<group>"; };
		0493B52617DDF80C003B3D23 /* SchemeApp.app */ = {isa = PBXFileReference; explicitFileType = wrapper.application; includeInIndex = 0; path = SchemeApp.app; sourceTree = BUILT_PRODUCTS_DIR; };
		0493B52917DDF80C003B3D23 /* Foundation.framework */ = {isa = PBXFileReference; lastKnownFileType = wrapper.framework; name = Foundation.framework; path = System/Library/Frameworks/Foundation.framework; sourceTree = SDKROOT; };
		0493B52B17DDF80C003B3D23 /* CoreGraphics.framework */ = {isa = PBXFileReference; lastKnownFileType = wrapper.framework; name = CoreGraphics.framework; path = System/Library/Frameworks/CoreGraphics.framework; sourceTree = SDKROOT; };
		0493B52D17DDF80C003B3D23 /* UIKit.framework */ = {isa = PBXFileReference; lastKnownFileType = wrapper.framework; name = UIKit.framework; path = System/Library/Frameworks/UIKit.framework; sourceTree = SDKROOT; };
		0493B53117DDF80C003B3D23 /* SchemeApp-Info.plist */ = {isa = PBXFileReference; lastKnownFileType = text.plist.xml; path = "SchemeApp-Info.plist"; sourceTree = "<group>"; };
		0493B53317DDF80C003B3D23 /* en */ = {isa = PBXFileReference; lastKnownFileType = text.plist.strings; name = en; path = en.lproj/InfoPlist.strings; sourceTree = "<group>"; };
		0493B53517DDF80C003B3D23 /* main.m */ = {isa = PBXFileReference; lastKnownFileType = sourcecode.c.objc; path = main.m; sourceTree = "<group>"; };
		0493B53717DDF80C003B3D23 /* SchemeApp-Prefix.pch */ = {isa = PBXFileReference; lastKnownFileType = sourcecode.c.h; path = "SchemeApp-Prefix.pch"; sourceTree = "<group>"; };
		0493B53817DDF80C003B3D23 /* AppDelegate.h */ = {isa = PBXFileReference; lastKnownFileType = sourcecode.c.h; path = AppDelegate.h; sourceTree = "<group>"; };
		0493B53917DDF80C003B3D23 /* AppDelegate.m */ = {isa = PBXFileReference; lastKnownFileType = sourcecode.c.objc; path = AppDelegate.m; sourceTree = "<group>"; };
		0493B53B17DDF80C003B3D23 /* Images.xcassets */ = {isa = PBXFileReference; lastKnownFileType = folder.assetcatalog; path = Images.xcassets; sourceTree = "<group>"; };
		0493B54117DDF80C003B3D23 /* SchemeAppTests.xctest */ = {isa = PBXFileReference; explicitFileType = wrapper.cfbundle; includeInIndex = 0; path = SchemeAppTests.xctest; sourceTree = BUILT_PRODUCTS_DIR; };
		0493B54217DDF80C003B3D23 /* XCTest.framework */ = {isa = PBXFileReference; lastKnownFileType = wrapper.framework; name = XCTest.framework; path = Library/Frameworks/XCTest.framework; sourceTree = DEVELOPER_DIR; };
		0493B54A17DDF80C003B3D23 /* SchemeAppTests-Info.plist */ = {isa = PBXFileReference; lastKnownFileType = text.plist.xml; path = "SchemeAppTests-Info.plist"; sourceTree = "<group>"; };
		0493B54C17DDF80C003B3D23 /* en */ = {isa = PBXFileReference; lastKnownFileType = text.plist.strings; name = en; path = en.lproj/InfoPlist.strings; sourceTree = "<group>"; };
		0493B54E17DDF80C003B3D23 /* SchemeAppTests.m */ = {isa = PBXFileReference; lastKnownFileType = sourcecode.c.objc; path = SchemeAppTests.m; sourceTree = "<group>"; };
		2748CDC717DF360F00A06467 /* Helpers.h */ = {isa = PBXFileReference; fileEncoding = 4; lastKnownFileType = sourcecode.c.h; path = Helpers.h; sourceTree = "<group>"; };
		2748CDC817DF360F00A06467 /* Helpers.m */ = {isa = PBXFileReference; fileEncoding = 4; lastKnownFileType = sourcecode.c.objc; path = Helpers.m; sourceTree = "<group>"; };
		AF301B7717DF0FE900DC2DEC /* AdminStore.h */ = {isa = PBXFileReference; lastKnownFileType = sourcecode.c.h; path = AdminStore.h; sourceTree = "<group>"; };
		AF301B7817DF0FE900DC2DEC /* AdminStore.m */ = {isa = PBXFileReference; lastKnownFileType = sourcecode.c.objc; path = AdminStore.m; sourceTree = "<group>"; };
		AF301B7917DF0FE900DC2DEC /* Store.h */ = {isa = PBXFileReference; lastKnownFileType = sourcecode.c.h; path = Store.h; sourceTree = "<group>"; };
		AF301B7A17DF0FE900DC2DEC /* Store.m */ = {isa = PBXFileReference; lastKnownFileType = sourcecode.c.objc; path = Store.m; sourceTree = "<group>"; };
		AF301B7B17DF0FE900DC2DEC /* StudentStore.h */ = {isa = PBXFileReference; lastKnownFileType = sourcecode.c.h; path = StudentStore.h; sourceTree = "<group>"; };
		AF301B7C17DF0FF400DC2DEC /* StudentStore.m */ = {isa = PBXFileReference; lastKnownFileType = sourcecode.c.objc; path = StudentStore.m; sourceTree = "<group>"; };
/* End PBXFileReference section */

/* Begin PBXFrameworksBuildPhase section */
		0493B52317DDF80C003B3D23 /* Frameworks */ = {
			isa = PBXFrameworksBuildPhase;
			buildActionMask = 2147483647;
			files = (
				0493B52C17DDF80C003B3D23 /* CoreGraphics.framework in Frameworks */,
				0493B52E17DDF80C003B3D23 /* UIKit.framework in Frameworks */,
				0493B52A17DDF80C003B3D23 /* Foundation.framework in Frameworks */,
			);
			runOnlyForDeploymentPostprocessing = 0;
		};
		0493B53E17DDF80C003B3D23 /* Frameworks */ = {
			isa = PBXFrameworksBuildPhase;
			buildActionMask = 2147483647;
			files = (
				0493B54317DDF80C003B3D23 /* XCTest.framework in Frameworks */,
				0493B54517DDF80C003B3D23 /* UIKit.framework in Frameworks */,
				0493B54417DDF80C003B3D23 /* Foundation.framework in Frameworks */,
			);
			runOnlyForDeploymentPostprocessing = 0;
		};
/* End PBXFrameworksBuildPhase section */

/* Begin PBXGroup section */
		0423298E17DF2C6E005B47F9 /* Models */ = {
			isa = PBXGroup;
			children = (
				0423298517DF25A0005B47F9 /* EventWrapper.h */,
				0423298617DF25A0005B47F9 /* EventWrapper.m */,
				0423298817DF2ABA005B47F9 /* Event.h */,
				0423298917DF2ABA005B47F9 /* Event.m */,
				0423298B17DF2B7B005B47F9 /* Message.h */,
				0423298C17DF2B7B005B47F9 /* Message.m */,
				0423297F17DF230B005B47F9 /* User.h */,
				0423298017DF230B005B47F9 /* User.m */,
			);
			name = Models;
			sourceTree = "<group>";
		};
		0493B51D17DDF80C003B3D23 = {
			isa = PBXGroup;
			children = (
				0493B52F17DDF80C003B3D23 /* SchemeApp */,
				0493B54817DDF80C003B3D23 /* SchemeAppTests */,
				0493B52817DDF80C003B3D23 /* Frameworks */,
				0493B52717DDF80C003B3D23 /* Products */,
			);
			sourceTree = "<group>";
		};
		0493B52717DDF80C003B3D23 /* Products */ = {
			isa = PBXGroup;
			children = (
				0493B52617DDF80C003B3D23 /* SchemeApp.app */,
				0493B54117DDF80C003B3D23 /* SchemeAppTests.xctest */,
			);
			name = Products;
			sourceTree = "<group>";
		};
		0493B52817DDF80C003B3D23 /* Frameworks */ = {
			isa = PBXGroup;
			children = (
				0493B52917DDF80C003B3D23 /* Foundation.framework */,
				0493B52B17DDF80C003B3D23 /* CoreGraphics.framework */,
				0493B52D17DDF80C003B3D23 /* UIKit.framework */,
				0493B54217DDF80C003B3D23 /* XCTest.framework */,
			);
			name = Frameworks;
			sourceTree = "<group>";
		};
		0493B52F17DDF80C003B3D23 /* SchemeApp */ = {
			isa = PBXGroup;
			children = (
				2748CDC617DF35EA00A06467 /* Helpers */,
				0423298E17DF2C6E005B47F9 /* Models */,
				AF301B7617DF0FDC00DC2DEC /* Store */,
				0493B53817DDF80C003B3D23 /* AppDelegate.h */,
				0493B53917DDF80C003B3D23 /* AppDelegate.m */,
				0493B53B17DDF80C003B3D23 /* Images.xcassets */,
				0493B53017DDF80C003B3D23 /* Supporting Files */,
			);
			path = SchemeApp;
			sourceTree = "<group>";
		};
		0493B53017DDF80C003B3D23 /* Supporting Files */ = {
			isa = PBXGroup;
			children = (
				0423299B17DF351D005B47F9 /* RoleType */,
				0493B53117DDF80C003B3D23 /* SchemeApp-Info.plist */,
				0493B53217DDF80C003B3D23 /* InfoPlist.strings */,
				0493B53517DDF80C003B3D23 /* main.m */,
				0493B53717DDF80C003B3D23 /* SchemeApp-Prefix.pch */,
			);
			name = "Supporting Files";
			sourceTree = "<group>";
		};
		0493B54817DDF80C003B3D23 /* SchemeAppTests */ = {
			isa = PBXGroup;
			children = (
				0493B54E17DDF80C003B3D23 /* SchemeAppTests.m */,
				0493B54917DDF80C003B3D23 /* Supporting Files */,
			);
			path = SchemeAppTests;
			sourceTree = "<group>";
		};
		0493B54917DDF80C003B3D23 /* Supporting Files */ = {
			isa = PBXGroup;
			children = (
				0493B54A17DDF80C003B3D23 /* SchemeAppTests-Info.plist */,
				0493B54B17DDF80C003B3D23 /* InfoPlist.strings */,
			);
			name = "Supporting Files";
			sourceTree = "<group>";
		};
		2748CDC617DF35EA00A06467 /* Helpers */ = {
			isa = PBXGroup;
			children = (
				2748CDC717DF360F00A06467 /* Helpers.h */,
				2748CDC817DF360F00A06467 /* Helpers.m */,
			);
			name = Helpers;
			sourceTree = "<group>";
		};
		AF301B7617DF0FDC00DC2DEC /* Store */ = {
			isa = PBXGroup;
			children = (
				AF301B7917DF0FE900DC2DEC /* Store.h */,
				AF301B7A17DF0FE900DC2DEC /* Store.m */,
				AF301B7717DF0FE900DC2DEC /* AdminStore.h */,
				AF301B7817DF0FE900DC2DEC /* AdminStore.m */,
				AF301B7B17DF0FE900DC2DEC /* StudentStore.h */,
				AF301B7C17DF0FF400DC2DEC /* StudentStore.m */,
			);
			name = Store;
			sourceTree = "<group>";
		};
/* End PBXGroup section */

/* Begin PBXNativeTarget section */
		0493B52517DDF80C003B3D23 /* SchemeApp */ = {
			isa = PBXNativeTarget;
			buildConfigurationList = 0493B55217DDF80C003B3D23 /* Build configuration list for PBXNativeTarget "SchemeApp" */;
			buildPhases = (
				0493B52217DDF80C003B3D23 /* Sources */,
				0493B52317DDF80C003B3D23 /* Frameworks */,
				0493B52417DDF80C003B3D23 /* Resources */,
			);
			buildRules = (
			);
			dependencies = (
			);
			name = SchemeApp;
			productName = SchemeApp;
			productReference = 0493B52617DDF80C003B3D23 /* SchemeApp.app */;
			productType = "com.apple.product-type.application";
		};
		0493B54017DDF80C003B3D23 /* SchemeAppTests */ = {
			isa = PBXNativeTarget;
			buildConfigurationList = 0493B55517DDF80C003B3D23 /* Build configuration list for PBXNativeTarget "SchemeAppTests" */;
			buildPhases = (
				0493B53D17DDF80C003B3D23 /* Sources */,
				0493B53E17DDF80C003B3D23 /* Frameworks */,
				0493B53F17DDF80C003B3D23 /* Resources */,
			);
			buildRules = (
			);
			dependencies = (
				0493B54717DDF80C003B3D23 /* PBXTargetDependency */,
			);
			name = SchemeAppTests;
			productName = SchemeAppTests;
			productReference = 0493B54117DDF80C003B3D23 /* SchemeAppTests.xctest */;
			productType = "com.apple.product-type.bundle.unit-test";
		};
/* End PBXNativeTarget section */

/* Begin PBXProject section */
		0493B51E17DDF80C003B3D23 /* Project object */ = {
			isa = PBXProject;
			attributes = {
				LastUpgradeCheck = 0500;
				ORGANIZATIONNAME = "Team leet";
				TargetAttributes = {
					0493B54017DDF80C003B3D23 = {
						TestTargetID = 0493B52517DDF80C003B3D23;
					};
				};
			};
			buildConfigurationList = 0493B52117DDF80C003B3D23 /* Build configuration list for PBXProject "SchemeApp" */;
			compatibilityVersion = "Xcode 3.2";
			developmentRegion = English;
			hasScannedForEncodings = 0;
			knownRegions = (
				en,
			);
			mainGroup = 0493B51D17DDF80C003B3D23;
			productRefGroup = 0493B52717DDF80C003B3D23 /* Products */;
			projectDirPath = "";
			projectRoot = "";
			targets = (
				0493B52517DDF80C003B3D23 /* SchemeApp */,
				0493B54017DDF80C003B3D23 /* SchemeAppTests */,
			);
		};
/* End PBXProject section */

/* Begin PBXResourcesBuildPhase section */
		0493B52417DDF80C003B3D23 /* Resources */ = {
			isa = PBXResourcesBuildPhase;
			buildActionMask = 2147483647;
			files = (
				0493B53417DDF80C003B3D23 /* InfoPlist.strings in Resources */,
				0493B53C17DDF80C003B3D23 /* Images.xcassets in Resources */,
				0423299C17DF351D005B47F9 /* RoleType in Resources */,
			);
			runOnlyForDeploymentPostprocessing = 0;
		};
		0493B53F17DDF80C003B3D23 /* Resources */ = {
			isa = PBXResourcesBuildPhase;
			buildActionMask = 2147483647;
			files = (
				0493B54D17DDF80C003B3D23 /* InfoPlist.strings in Resources */,
			);
			runOnlyForDeploymentPostprocessing = 0;
		};
/* End PBXResourcesBuildPhase section */

/* Begin PBXSourcesBuildPhase section */
		0493B52217DDF80C003B3D23 /* Sources */ = {
			isa = PBXSourcesBuildPhase;
			buildActionMask = 2147483647;
			files = (
				0493B53A17DDF80C003B3D23 /* AppDelegate.m in Sources */,
				0493B53617DDF80C003B3D23 /* main.m in Sources */,
				0423298117DF230B005B47F9 /* User.m in Sources */,
				0423298717DF25A0005B47F9 /* EventWrapper.m in Sources */,
				2748CDC917DF360F00A06467 /* Helpers.m in Sources */,
				0423298A17DF2ABA005B47F9 /* Event.m in Sources */,
				0423298D17DF2B7B005B47F9 /* Message.m in Sources */,
			);
			runOnlyForDeploymentPostprocessing = 0;
		};
		0493B53D17DDF80C003B3D23 /* Sources */ = {
			isa = PBXSourcesBuildPhase;
			buildActionMask = 2147483647;
			files = (
				0493B54F17DDF80C003B3D23 /* SchemeAppTests.m in Sources */,
			);
			runOnlyForDeploymentPostprocessing = 0;
		};
/* End PBXSourcesBuildPhase section */

/* Begin PBXTargetDependency section */
		0493B54717DDF80C003B3D23 /* PBXTargetDependency */ = {
			isa = PBXTargetDependency;
			target = 0493B52517DDF80C003B3D23 /* SchemeApp */;
			targetProxy = 0493B54617DDF80C003B3D23 /* PBXContainerItemProxy */;
		};
/* End PBXTargetDependency section */

/* Begin PBXVariantGroup section */
		0493B53217DDF80C003B3D23 /* InfoPlist.strings */ = {
			isa = PBXVariantGroup;
			children = (
				0493B53317DDF80C003B3D23 /* en */,
			);
			name = InfoPlist.strings;
			sourceTree = "<group>";
		};
		0493B54B17DDF80C003B3D23 /* InfoPlist.strings */ = {
			isa = PBXVariantGroup;
			children = (
				0493B54C17DDF80C003B3D23 /* en */,
			);
			name = InfoPlist.strings;
			sourceTree = "<group>";
		};
/* End PBXVariantGroup section */

/* Begin XCBuildConfiguration section */
		0493B55017DDF80C003B3D23 /* Debug */ = {
			isa = XCBuildConfiguration;
			buildSettings = {
				ALWAYS_SEARCH_USER_PATHS = NO;
				CLANG_CXX_LANGUAGE_STANDARD = "gnu++0x";
				CLANG_CXX_LIBRARY = "libc++";
				CLANG_ENABLE_MODULES = YES;
				CLANG_ENABLE_OBJC_ARC = YES;
				CLANG_WARN_BOOL_CONVERSION = YES;
				CLANG_WARN_CONSTANT_CONVERSION = YES;
				CLANG_WARN_DIRECT_OBJC_ISA_USAGE = YES_ERROR;
				CLANG_WARN_EMPTY_BODY = YES;
				CLANG_WARN_ENUM_CONVERSION = YES;
				CLANG_WARN_INT_CONVERSION = YES;
				CLANG_WARN_OBJC_ROOT_CLASS = YES_ERROR;
				CLANG_WARN__DUPLICATE_METHOD_MATCH = YES;
				"CODE_SIGN_IDENTITY[sdk=iphoneos*]" = "iPhone Developer";
				COPY_PHASE_STRIP = NO;
				GCC_C_LANGUAGE_STANDARD = gnu99;
				GCC_DYNAMIC_NO_PIC = NO;
				GCC_OPTIMIZATION_LEVEL = 0;
				GCC_PREPROCESSOR_DEFINITIONS = (
					"DEBUG=1",
					"$(inherited)",
				);
				GCC_SYMBOLS_PRIVATE_EXTERN = NO;
				GCC_WARN_ABOUT_RETURN_TYPE = YES_ERROR;
				GCC_WARN_UNDECLARED_SELECTOR = YES;
				GCC_WARN_UNINITIALIZED_AUTOS = YES;
				GCC_WARN_UNUSED_FUNCTION = YES;
				GCC_WARN_UNUSED_VARIABLE = YES;
				IPHONEOS_DEPLOYMENT_TARGET = 7.0;
				ONLY_ACTIVE_ARCH = YES;
				SDKROOT = iphoneos;
			};
			name = Debug;
		};
		0493B55117DDF80C003B3D23 /* Release */ = {
			isa = XCBuildConfiguration;
			buildSettings = {
				ALWAYS_SEARCH_USER_PATHS = NO;
				CLANG_CXX_LANGUAGE_STANDARD = "gnu++0x";
				CLANG_CXX_LIBRARY = "libc++";
				CLANG_ENABLE_MODULES = YES;
				CLANG_ENABLE_OBJC_ARC = YES;
				CLANG_WARN_BOOL_CONVERSION = YES;
				CLANG_WARN_CONSTANT_CONVERSION = YES;
				CLANG_WARN_DIRECT_OBJC_ISA_USAGE = YES_ERROR;
				CLANG_WARN_EMPTY_BODY = YES;
				CLANG_WARN_ENUM_CONVERSION = YES;
				CLANG_WARN_INT_CONVERSION = YES;
				CLANG_WARN_OBJC_ROOT_CLASS = YES_ERROR;
				CLANG_WARN__DUPLICATE_METHOD_MATCH = YES;
				"CODE_SIGN_IDENTITY[sdk=iphoneos*]" = "iPhone Developer";
				COPY_PHASE_STRIP = YES;
				ENABLE_NS_ASSERTIONS = NO;
				GCC_C_LANGUAGE_STANDARD = gnu99;
				GCC_WARN_ABOUT_RETURN_TYPE = YES_ERROR;
				GCC_WARN_UNDECLARED_SELECTOR = YES;
				GCC_WARN_UNINITIALIZED_AUTOS = YES;
				GCC_WARN_UNUSED_FUNCTION = YES;
				GCC_WARN_UNUSED_VARIABLE = YES;
				IPHONEOS_DEPLOYMENT_TARGET = 7.0;
				SDKROOT = iphoneos;
				VALIDATE_PRODUCT = YES;
			};
			name = Release;
		};
		0493B55317DDF80C003B3D23 /* Debug */ = {
			isa = XCBuildConfiguration;
			buildSettings = {
				ASSETCATALOG_COMPILER_APPICON_NAME = AppIcon;
				ASSETCATALOG_COMPILER_LAUNCHIMAGE_NAME = LaunchImage;
				GCC_PRECOMPILE_PREFIX_HEADER = YES;
				GCC_PREFIX_HEADER = "SchemeApp/SchemeApp-Prefix.pch";
				INFOPLIST_FILE = "SchemeApp/SchemeApp-Info.plist";
				PRODUCT_NAME = "$(TARGET_NAME)";
				TARGETED_DEVICE_FAMILY = 1;
				WRAPPER_EXTENSION = app;
			};
			name = Debug;
		};
		0493B55417DDF80C003B3D23 /* Release */ = {
			isa = XCBuildConfiguration;
			buildSettings = {
				ASSETCATALOG_COMPILER_APPICON_NAME = AppIcon;
				ASSETCATALOG_COMPILER_LAUNCHIMAGE_NAME = LaunchImage;
				GCC_PRECOMPILE_PREFIX_HEADER = YES;
				GCC_PREFIX_HEADER = "SchemeApp/SchemeApp-Prefix.pch";
				INFOPLIST_FILE = "SchemeApp/SchemeApp-Info.plist";
				PRODUCT_NAME = "$(TARGET_NAME)";
				TARGETED_DEVICE_FAMILY = 1;
				WRAPPER_EXTENSION = app;
			};
			name = Release;
		};
		0493B55617DDF80C003B3D23 /* Debug */ = {
			isa = XCBuildConfiguration;
			buildSettings = {
				BUNDLE_LOADER = "$(BUILT_PRODUCTS_DIR)/SchemeApp.app/SchemeApp";
				FRAMEWORK_SEARCH_PATHS = (
					"$(SDKROOT)/Developer/Library/Frameworks",
					"$(inherited)",
					"$(DEVELOPER_FRAMEWORKS_DIR)",
				);
				GCC_PRECOMPILE_PREFIX_HEADER = YES;
				GCC_PREFIX_HEADER = "SchemeApp/SchemeApp-Prefix.pch";
				GCC_PREPROCESSOR_DEFINITIONS = (
					"DEBUG=1",
					"$(inherited)",
				);
				INFOPLIST_FILE = "SchemeAppTests/SchemeAppTests-Info.plist";
				PRODUCT_NAME = "$(TARGET_NAME)";
				TEST_HOST = "$(BUNDLE_LOADER)";
				WRAPPER_EXTENSION = xctest;
			};
			name = Debug;
		};
		0493B55717DDF80C003B3D23 /* Release */ = {
			isa = XCBuildConfiguration;
			buildSettings = {
				BUNDLE_LOADER = "$(BUILT_PRODUCTS_DIR)/SchemeApp.app/SchemeApp";
				FRAMEWORK_SEARCH_PATHS = (
					"$(SDKROOT)/Developer/Library/Frameworks",
					"$(inherited)",
					"$(DEVELOPER_FRAMEWORKS_DIR)",
				);
				GCC_PRECOMPILE_PREFIX_HEADER = YES;
				GCC_PREFIX_HEADER = "SchemeApp/SchemeApp-Prefix.pch";
				INFOPLIST_FILE = "SchemeAppTests/SchemeAppTests-Info.plist";
				PRODUCT_NAME = "$(TARGET_NAME)";
				TEST_HOST = "$(BUNDLE_LOADER)";
				WRAPPER_EXTENSION = xctest;
			};
			name = Release;
		};
/* End XCBuildConfiguration section */

/* Begin XCConfigurationList section */
		0493B52117DDF80C003B3D23 /* Build configuration list for PBXProject "SchemeApp" */ = {
			isa = XCConfigurationList;
			buildConfigurations = (
				0493B55017DDF80C003B3D23 /* Debug */,
				0493B55117DDF80C003B3D23 /* Release */,
			);
			defaultConfigurationIsVisible = 0;
			defaultConfigurationName = Release;
		};
		0493B55217DDF80C003B3D23 /* Build configuration list for PBXNativeTarget "SchemeApp" */ = {
			isa = XCConfigurationList;
			buildConfigurations = (
				0493B55317DDF80C003B3D23 /* Debug */,
				0493B55417DDF80C003B3D23 /* Release */,
			);
			defaultConfigurationIsVisible = 0;
			defaultConfigurationName = Release;
		};
		0493B55517DDF80C003B3D23 /* Build configuration list for PBXNativeTarget "SchemeAppTests" */ = {
			isa = XCConfigurationList;
			buildConfigurations = (
				0493B55617DDF80C003B3D23 /* Debug */,
				0493B55717DDF80C003B3D23 /* Release */,
			);
			defaultConfigurationIsVisible = 0;
			defaultConfigurationName = Release;
		};
/* End XCConfigurationList section */
	};
	rootObject = 0493B51E17DDF80C003B3D23 /* Project object */;
}
